{
  "name": "oatmeal-mauve-instrument",
  "lockfileVersion": 3,
  "requires": true,
  "packages": {
    "": {
      "dependencies": {
        "@tailwindplus/elements": "^1.0.21",
        "clsx": "^2.1.1"
      }
    },
    "node_modules/@tailwindplus/elements": {
      "version": "1.0.21",
      "resolved": "https://registry.npmjs.org/@tailwindplus/elements/-/elements-1.0.21.tgz",
      "integrity": "sha512-CShPoilDolGpzT9J4MVTCexOijwURW+MHGNMoS5ijiD2FVNk1XHFvEuy6mTeKQ5dOAYNLGwK3VjMOQ8io42H+Q==",
      "license": "SEE LICENSE IN LICENSE.md"
    },
    "node_modules/clsx": {
      "version": "2.1.1",
      "resolved": "https://registry.npmjs.org/clsx/-/clsx-2.1.1.tgz",
      "integrity": "sha512-eYm0QWBtUrBWZWG0d386OGAw16Z995PiOVo2B7bjWSbHedGl5e0ZWaq65kOGgUSNesEIDkB9ISbTg/JK9dhCZA==",
      "license": "MIT",
      "engines": {
        "node": ">=6"
      }
    }
  }
}
